
Microsoft Visual Studio Solution File, Format Version 12.00
# Visual Studio 2012
Project("{FAE04EC0-301F-11D3-BF4B-00C04F79EFBC}") = "ComandLine.Wykop", "ComandLine.Wykop\ComandLine.Wykop.csproj", "{BC8B1607-588A-45C0-8C95-B61FDC6E789D}"
EndProject
Project("{FAE04EC0-301F-11D3-BF4B-00C04F79EFBC}") = "ComandLine.Wykop.Tests", "ComandLine.Wykop.Tests\ComandLine.Wykop.Tests.csproj", "{99D69E1B-C594-4E48-9B36-F11B6F55E44F}"
EndProject
Global
	GlobalSection(SolutionConfigurationPlatforms) = preSolution
		Debug|Any CPU = Debug|Any CPU
		Release|Any CPU = Release|Any CPU
	EndGlobalSection
	GlobalSection(ProjectConfigurationPlatforms) = postSolution
		{BC8B1607-588A-45C0-8C95-B61FDC6E789D}.Debug|Any CPU.ActiveCfg = Debug|Any CPU
		{BC8B1607-588A-45C0-8C95-B61FDC6E789D}.Debug|Any CPU.Build.0 = Debug|Any CPU
		{BC8B1607-588A-45C0-8C95-B61FDC6E789D}.Release|Any CPU.ActiveCfg = Release|Any CPU
		{BC8B1607-588A-45C0-8C95-B61FDC6E789D}.Release|Any CPU.Build.0 = Release|Any CPU
		{99D69E1B-C594-4E48-9B36-F11B6F55E44F}.Debug|Any CPU.ActiveCfg = Debug|Any CPU
		{99D69E1B-C594-4E48-9B36-F11B6F55E44F}.Debug|Any CPU.Build.0 = Debug|Any CPU
		{99D69E1B-C594-4E48-9B36-F11B6F55E44F}.Release|Any CPU.ActiveCfg = Release|Any CPU
		{99D69E1B-C594-4E48-9B36-F11B6F55E44F}.Release|Any CPU.Build.0 = Release|Any CPU
	EndGlobalSection
	GlobalSection(SolutionProperties) = preSolution
		HideSolutionNode = FALSE
	EndGlobalSection
EndGlobal
